// !$*UTF8*$!
{
	archiveVersion = 1;
	classes = {
	};
	objectVersion = 56;
	objects = {

/* Begin PBXBuildFile section */
		246028E02936ADB800F9B1C8 /* FeedCell.swift in Sources */ = {isa = PBXBuildFile; fileRef = 246028DF2936ADB800F9B1C8 /* FeedCell.swift */; };
		246028E32936B26900F9B1C8 /* SnapKit in Frameworks */ = {isa = PBXBuildFile; productRef = 246028E22936B26900F9B1C8 /* SnapKit */; };
		24AC8267293F780800C7E5D0 /* PurpleButton.swift in Sources */ = {isa = PBXBuildFile; fileRef = 24AC8266293F780800C7E5D0 /* PurpleButton.swift */; };
		24B19E66293E65FC00D4E62D /* LoginController.swift in Sources */ = {isa = PBXBuildFile; fileRef = 24B19E65293E65FC00D4E62D /* LoginController.swift */; };
		24B19E6B293E687900D4E62D /* UIViewControllerExtensions.swift in Sources */ = {isa = PBXBuildFile; fileRef = 24B19E6A293E687900D4E62D /* UIViewControllerExtensions.swift */; };
		24B19E6F293E850C00D4E62D /* WhiteTextField.swift in Sources */ = {isa = PBXBuildFile; fileRef = 24B19E6E293E850C00D4E62D /* WhiteTextField.swift */; };
		24B39CB8293626C50049C250 /* SearchController.swift in Sources */ = {isa = PBXBuildFile; fileRef = 24B39CB7293626C50049C250 /* SearchController.swift */; };
		24B39CC12936313C0049C250 /* ImageSelectorController.swift in Sources */ = {isa = PBXBuildFile; fileRef = 24B39CC02936313C0049C250 /* ImageSelectorController.swift */; };
		24B39CC3293632FC0049C250 /* NotificationsController.swift in Sources */ = {isa = PBXBuildFile; fileRef = 24B39CC2293632FC0049C250 /* NotificationsController.swift */; };
		24B39CC5293633450049C250 /* ProfileController.swift in Sources */ = {isa = PBXBuildFile; fileRef = 24B39CC4293633450049C250 /* ProfileController.swift */; };
		24BBDA4829355833000938AA /* AppDelegate.swift in Sources */ = {isa = PBXBuildFile; fileRef = 24BBDA4729355833000938AA /* AppDelegate.swift */; };
		24BBDA4A29355833000938AA /* SceneDelegate.swift in Sources */ = {isa = PBXBuildFile; fileRef = 24BBDA4929355833000938AA /* SceneDelegate.swift */; };
		24BBDA4C29355833000938AA /* HomeTabBarController.swift in Sources */ = {isa = PBXBuildFile; fileRef = 24BBDA4B29355833000938AA /* HomeTabBarController.swift */; };
		24BBDA5129355835000938AA /* Assets.xcassets in Resources */ = {isa = PBXBuildFile; fileRef = 24BBDA5029355835000938AA /* Assets.xcassets */; };
		24BBDA5429355835000938AA /* LaunchScreen.storyboard in Resources */ = {isa = PBXBuildFile; fileRef = 24BBDA5229355835000938AA /* LaunchScreen.storyboard */; };
		24BBDA5F29355D4F000938AA /* ViewCode.swift in Sources */ = {isa = PBXBuildFile; fileRef = 24BBDA5E29355D4F000938AA /* ViewCode.swift */; };
		24BBDA6629356E69000938AA /* FeedController.swift in Sources */ = {isa = PBXBuildFile; fileRef = 24BBDA6529356E69000938AA /* FeedController.swift */; };
/* End PBXBuildFile section */

/* Begin PBXFileReference section */
		246028DF2936ADB800F9B1C8 /* FeedCell.swift */ = {isa = PBXFileReference; lastKnownFileType = sourcecode.swift; path = FeedCell.swift; sourceTree = "<group>"; };
		24AC8266293F780800C7E5D0 /* PurpleButton.swift */ = {isa = PBXFileReference; lastKnownFileType = sourcecode.swift; path = PurpleButton.swift; sourceTree = "<group>"; };
		24B19E65293E65FC00D4E62D /* LoginController.swift */ = {isa = PBXFileReference; lastKnownFileType = sourcecode.swift; path = LoginController.swift; sourceTree = "<group>"; };
		24B19E6A293E687900D4E62D /* UIViewControllerExtensions.swift */ = {isa = PBXFileReference; lastKnownFileType = sourcecode.swift; path = UIViewControllerExtensions.swift; sourceTree = "<group>"; };
		24B19E6E293E850C00D4E62D /* WhiteTextField.swift */ = {isa = PBXFileReference; lastKnownFileType = sourcecode.swift; path = WhiteTextField.swift; sourceTree = "<group>"; };
		24B39CB7293626C50049C250 /* SearchController.swift */ = {isa = PBXFileReference; lastKnownFileType = sourcecode.swift; path = SearchController.swift; sourceTree = "<group>"; };
		24B39CC02936313C0049C250 /* ImageSelectorController.swift */ = {isa = PBXFileReference; lastKnownFileType = sourcecode.swift; path = ImageSelectorController.swift; sourceTree = "<group>"; };
		24B39CC2293632FC0049C250 /* NotificationsController.swift */ = {isa = PBXFileReference; lastKnownFileType = sourcecode.swift; path = NotificationsController.swift; sourceTree = "<group>"; };
		24B39CC4293633450049C250 /* ProfileController.swift */ = {isa = PBXFileReference; lastKnownFileType = sourcecode.swift; path = ProfileController.swift; sourceTree = "<group>"; };
		24BBDA4429355833000938AA /* instagram-uikit-mvvm.app */ = {isa = PBXFileReference; explicitFileType = wrapper.application; includeInIndex = 0; path = "instagram-uikit-mvvm.app"; sourceTree = BUILT_PRODUCTS_DIR; };
		24BBDA4729355833000938AA /* AppDelegate.swift */ = {isa = PBXFileReference; lastKnownFileType = sourcecode.swift; path = AppDelegate.swift; sourceTree = "<group>"; };
		24BBDA4929355833000938AA /* SceneDelegate.swift */ = {isa = PBXFileReference; lastKnownFileType = sourcecode.swift; path = SceneDelegate.swift; sourceTree = "<group>"; };
		24BBDA4B29355833000938AA /* HomeTabBarController.swift */ = {isa = PBXFileReference; lastKnownFileType = sourcecode.swift; path = HomeTabBarController.swift; sourceTree = "<group>"; };
		24BBDA5029355835000938AA /* Assets.xcassets */ = {isa = PBXFileReference; lastKnownFileType = folder.assetcatalog; path = Assets.xcassets; sourceTree = "<group>"; };
		24BBDA5329355835000938AA /* Base */ = {isa = PBXFileReference; lastKnownFileType = file.storyboard; name = Base; path = Base.lproj/LaunchScreen.storyboard; sourceTree = "<group>"; };
		24BBDA5529355835000938AA /* Info.plist */ = {isa = PBXFileReference; lastKnownFileType = text.plist.xml; path = Info.plist; sourceTree = "<group>"; };
		24BBDA5E29355D4F000938AA /* ViewCode.swift */ = {isa = PBXFileReference; lastKnownFileType = sourcecode.swift; path = ViewCode.swift; sourceTree = "<group>"; };
		24BBDA6529356E69000938AA /* FeedController.swift */ = {isa = PBXFileReference; lastKnownFileType = sourcecode.swift; path = FeedController.swift; sourceTree = "<group>"; };
/* End PBXFileReference section */

/* Begin PBXFrameworksBuildPhase section */
		24BBDA4129355833000938AA /* Frameworks */ = {
			isa = PBXFrameworksBuildPhase;
			buildActionMask = 2147483647;
			files = (
				246028E32936B26900F9B1C8 /* SnapKit in Frameworks */,
			);
			runOnlyForDeploymentPostprocessing = 0;
		};
/* End PBXFrameworksBuildPhase section */

/* Begin PBXGroup section */
		246028DE2936ADA700F9B1C8 /* Views */ = {
			isa = PBXGroup;
			children = (
				246028DF2936ADB800F9B1C8 /* FeedCell.swift */,
			);
			path = Views;
			sourceTree = "<group>";
		};
		24AC8265293F77F000C7E5D0 /* Buttons */ = {
			isa = PBXGroup;
			children = (
				24AC8266293F780800C7E5D0 /* PurpleButton.swift */,
			);
			path = Buttons;
			sourceTree = "<group>";
		};
		24B19E62293E65DB00D4E62D /* Authentication */ = {
			isa = PBXGroup;
			children = (
				24B19E63293E65E900D4E62D /* Login */,
			);
			path = Authentication;
			sourceTree = "<group>";
		};
		24B19E63293E65E900D4E62D /* Login */ = {
			isa = PBXGroup;
			children = (
				24B19E64293E65ED00D4E62D /* Controllers */,
			);
			path = Login;
			sourceTree = "<group>";
		};
		24B19E64293E65ED00D4E62D /* Controllers */ = {
			isa = PBXGroup;
			children = (
				24B19E65293E65FC00D4E62D /* LoginController.swift */,
			);
			path = Controllers;
			sourceTree = "<group>";
		};
		24B19E67293E684B00D4E62D /* Extensions */ = {
			isa = PBXGroup;
			children = (
				24B19E6A293E687900D4E62D /* UIViewControllerExtensions.swift */,
			);
			path = Extensions;
			sourceTree = "<group>";
		};
		24B19E6C293E84D800D4E62D /* Commons */ = {
			isa = PBXGroup;
			children = (
				24AC8265293F77F000C7E5D0 /* Buttons */,
				24B19E6D293E84F600D4E62D /* TextFields */,
			);
			path = Commons;
			sourceTree = "<group>";
		};
		24B19E6D293E84F600D4E62D /* TextFields */ = {
			isa = PBXGroup;
			children = (
				24B19E6E293E850C00D4E62D /* WhiteTextField.swift */,
			);
			path = TextFields;
			sourceTree = "<group>";
		};
		24B39CB5293626A80049C250 /* Search */ = {
			isa = PBXGroup;
			children = (
				24B39CB6293626AD0049C250 /* Controllers */,
			);
			path = Search;
			sourceTree = "<group>";
		};
		24B39CB6293626AD0049C250 /* Controllers */ = {
			isa = PBXGroup;
			children = (
				24B39CB7293626C50049C250 /* SearchController.swift */,
			);
			path = Controllers;
			sourceTree = "<group>";
		};
		24B39CB9293630D10049C250 /* Profile */ = {
			isa = PBXGroup;
			children = (
				24B39CBA293630D60049C250 /* Controllers */,
			);
			path = Profile;
			sourceTree = "<group>";
		};
		24B39CBA293630D60049C250 /* Controllers */ = {
			isa = PBXGroup;
			children = (
				24B39CC4293633450049C250 /* ProfileController.swift */,
			);
			path = Controllers;
			sourceTree = "<group>";
		};
		24B39CBB293630DE0049C250 /* Notifications */ = {
			isa = PBXGroup;
			children = (
				24B39CBC293630E30049C250 /* Controllers */,
			);
			path = Notifications;
			sourceTree = "<group>";
		};
		24B39CBC293630E30049C250 /* Controllers */ = {
			isa = PBXGroup;
			children = (
				24B39CC2293632FC0049C250 /* NotificationsController.swift */,
			);
			path = Controllers;
			sourceTree = "<group>";
		};
		24B39CBD293630EC0049C250 /* ImageSelector */ = {
			isa = PBXGroup;
			children = (
				24B39CBE293630F30049C250 /* Controllers */,
			);
			path = ImageSelector;
			sourceTree = "<group>";
		};
		24B39CBE293630F30049C250 /* Controllers */ = {
			isa = PBXGroup;
			children = (
				24B39CC02936313C0049C250 /* ImageSelectorController.swift */,
			);
			path = Controllers;
			sourceTree = "<group>";
		};
		24BBDA3B29355833000938AA = {
			isa = PBXGroup;
			children = (
				24BBDA4629355833000938AA /* instagram-uikit-mvvm */,
				24BBDA4529355833000938AA /* Products */,
			);
			sourceTree = "<group>";
		};
		24BBDA4529355833000938AA /* Products */ = {
			isa = PBXGroup;
			children = (
				24BBDA4429355833000938AA /* instagram-uikit-mvvm.app */,
			);
			name = Products;
			sourceTree = "<group>";
		};
		24BBDA4629355833000938AA /* instagram-uikit-mvvm */ = {
			isa = PBXGroup;
			children = (
				24B19E6C293E84D800D4E62D /* Commons */,
				24BBDA6029356C9F000938AA /* Features */,
				24BBDA5B29355CEA000938AA /* Utils */,
				24BBDA4729355833000938AA /* AppDelegate.swift */,
				24BBDA4929355833000938AA /* SceneDelegate.swift */,
				24BBDA5029355835000938AA /* Assets.xcassets */,
				24BBDA5229355835000938AA /* LaunchScreen.storyboard */,
				24BBDA5529355835000938AA /* Info.plist */,
			);
			path = "instagram-uikit-mvvm";
			sourceTree = "<group>";
		};
		24BBDA5B29355CEA000938AA /* Utils */ = {
			isa = PBXGroup;
			children = (
				24B19E67293E684B00D4E62D /* Extensions */,
				24BBDA5C29355CFC000938AA /* View Code */,
			);
			path = Utils;
			sourceTree = "<group>";
		};
		24BBDA5C29355CFC000938AA /* View Code */ = {
			isa = PBXGroup;
			children = (
				24BBDA5E29355D4F000938AA /* ViewCode.swift */,
			);
			path = "View Code";
			sourceTree = "<group>";
		};
		24BBDA6029356C9F000938AA /* Features */ = {
			isa = PBXGroup;
			children = (
				24B19E62293E65DB00D4E62D /* Authentication */,
				24BBDA6329356E53000938AA /* Feed */,
				24B39CB5293626A80049C250 /* Search */,
				24B39CBD293630EC0049C250 /* ImageSelector */,
				24B39CBB293630DE0049C250 /* Notifications */,
				24B39CB9293630D10049C250 /* Profile */,
				24BBDA6129356CA3000938AA /* Home */,
			);
			path = Features;
			sourceTree = "<group>";
		};
		24BBDA6129356CA3000938AA /* Home */ = {
			isa = PBXGroup;
			children = (
				24BBDA6229356CAF000938AA /* Controllers */,
			);
			path = Home;
			sourceTree = "<group>";
		};
		24BBDA6229356CAF000938AA /* Controllers */ = {
			isa = PBXGroup;
			children = (
				24BBDA4B29355833000938AA /* HomeTabBarController.swift */,
			);
			path = Controllers;
			sourceTree = "<group>";
		};
		24BBDA6329356E53000938AA /* Feed */ = {
			isa = PBXGroup;
			children = (
				246028DE2936ADA700F9B1C8 /* Views */,
				24BBDA6429356E58000938AA /* Controllers */,
			);
			path = Feed;
			sourceTree = "<group>";
		};
		24BBDA6429356E58000938AA /* Controllers */ = {
			isa = PBXGroup;
			children = (
				24BBDA6529356E69000938AA /* FeedController.swift */,
			);
			path = Controllers;
			sourceTree = "<group>";
		};
/* End PBXGroup section */

/* Begin PBXNativeTarget section */
		24BBDA4329355833000938AA /* instagram-uikit-mvvm */ = {
			isa = PBXNativeTarget;
			buildConfigurationList = 24BBDA5829355836000938AA /* Build configuration list for PBXNativeTarget "instagram-uikit-mvvm" */;
			buildPhases = (
				24BBDA4029355833000938AA /* Sources */,
				24BBDA4129355833000938AA /* Frameworks */,
				24BBDA4229355833000938AA /* Resources */,
			);
			buildRules = (
			);
			dependencies = (
			);
			name = "instagram-uikit-mvvm";
			packageProductDependencies = (
				246028E22936B26900F9B1C8 /* SnapKit */,
			);
			productName = "instagram-uikit-mvvm";
			productReference = 24BBDA4429355833000938AA /* instagram-uikit-mvvm.app */;
			productType = "com.apple.product-type.application";
		};
/* End PBXNativeTarget section */

/* Begin PBXProject section */
		24BBDA3C29355833000938AA /* Project object */ = {
			isa = PBXProject;
			attributes = {
				BuildIndependentTargetsInParallel = 1;
				LastSwiftUpdateCheck = 1400;
				LastUpgradeCheck = 1400;
				TargetAttributes = {
					24BBDA4329355833000938AA = {
						CreatedOnToolsVersion = 14.0.1;
					};
				};
			};
			buildConfigurationList = 24BBDA3F29355833000938AA /* Build configuration list for PBXProject "instagram-uikit-mvvm" */;
			compatibilityVersion = "Xcode 14.0";
			developmentRegion = en;
			hasScannedForEncodings = 0;
			knownRegions = (
				en,
				Base,
			);
			mainGroup = 24BBDA3B29355833000938AA;
			packageReferences = (
				246028E12936B26900F9B1C8 /* XCRemoteSwiftPackageReference "SnapKit" */,
			);
			productRefGroup = 24BBDA4529355833000938AA /* Products */;
			projectDirPath = "";
			projectRoot = "";
			targets = (
				24BBDA4329355833000938AA /* instagram-uikit-mvvm */,
			);
		};
/* End PBXProject section */

/* Begin PBXResourcesBuildPhase section */
		24BBDA4229355833000938AA /* Resources */ = {
			isa = PBXResourcesBuildPhase;
			buildActionMask = 2147483647;
			files = (
				24BBDA5429355835000938AA /* LaunchScreen.storyboard in Resources */,
				24BBDA5129355835000938AA /* Assets.xcassets in Resources */,
			);
			runOnlyForDeploymentPostprocessing = 0;
		};
/* End PBXResourcesBuildPhase section */

/* Begin PBXSourcesBuildPhase section */
		24BBDA4029355833000938AA /* Sources */ = {
			isa = PBXSourcesBuildPhase;
			buildActionMask = 2147483647;
			files = (
				24B19E66293E65FC00D4E62D /* LoginController.swift in Sources */,
				24B19E6F293E850C00D4E62D /* WhiteTextField.swift in Sources */,
				24BBDA4C29355833000938AA /* HomeTabBarController.swift in Sources */,
				24AC8267293F780800C7E5D0 /* PurpleButton.swift in Sources */,
				246028E02936ADB800F9B1C8 /* FeedCell.swift in Sources */,
				24B39CC12936313C0049C250 /* ImageSelectorController.swift in Sources */,
				24B19E6B293E687900D4E62D /* UIViewControllerExtensions.swift in Sources */,
				24B39CB8293626C50049C250 /* SearchController.swift in Sources */,
				24BBDA5F29355D4F000938AA /* ViewCode.swift in Sources */,
				24BBDA6629356E69000938AA /* FeedController.swift in Sources */,
				24B39CC5293633450049C250 /* ProfileController.swift in Sources */,
				24BBDA4829355833000938AA /* AppDelegate.swift in Sources */,
				24B39CC3293632FC0049C250 /* NotificationsController.swift in Sources */,
				24BBDA4A29355833000938AA /* SceneDelegate.swift in Sources */,
			);
			runOnlyForDeploymentPostprocessing = 0;
		};
/* End PBXSourcesBuildPhase section */

/* Begin PBXVariantGroup section */
		24BBDA5229355835000938AA /* LaunchScreen.storyboard */ = {
			isa = PBXVariantGroup;
			children = (
				24BBDA5329355835000938AA /* Base */,
			);
			name = LaunchScreen.storyboard;
			sourceTree = "<group>";
		};
/* End PBXVariantGroup section */

/* Begin XCBuildConfiguration section */
		24BBDA5629355835000938AA /* Debug */ = {
			isa = XCBuildConfiguration;
			buildSettings = {
				ALWAYS_SEARCH_USER_PATHS = NO;
				CLANG_ANALYZER_NONNULL = YES;
				CLANG_ANALYZER_NUMBER_OBJECT_CONVERSION = YES_AGGRESSIVE;
				CLANG_CXX_LANGUAGE_STANDARD = "gnu++20";
				CLANG_ENABLE_MODULES = YES;
				CLANG_ENABLE_OBJC_ARC = YES;
				CLANG_ENABLE_OBJC_WEAK = YES;
				CLANG_WARN_BLOCK_CAPTURE_AUTORELEASING = YES;
				CLANG_WARN_BOOL_CONVERSION = YES;
				CLANG_WARN_COMMA = YES;
				CLANG_WARN_CONSTANT_CONVERSION = YES;
				CLANG_WARN_DEPRECATED_OBJC_IMPLEMENTATIONS = YES;
				CLANG_WARN_DIRECT_OBJC_ISA_USAGE = YES_ERROR;
				CLANG_WARN_DOCUMENTATION_COMMENTS = YES;
				CLANG_WARN_EMPTY_BODY = YES;
				CLANG_WARN_ENUM_CONVERSION = YES;
				CLANG_WARN_INFINITE_RECURSION = YES;
				CLANG_WARN_INT_CONVERSION = YES;
				CLANG_WARN_NON_LITERAL_NULL_CONVERSION = YES;
				CLANG_WARN_OBJC_IMPLICIT_RETAIN_SELF = YES;
				CLANG_WARN_OBJC_LITERAL_CONVERSION = YES;
				CLANG_WARN_OBJC_ROOT_CLASS = YES_ERROR;
				CLANG_WARN_QUOTED_INCLUDE_IN_FRAMEWORK_HEADER = YES;
				CLANG_WARN_RANGE_LOOP_ANALYSIS = YES;
				CLANG_WARN_STRICT_PROTOTYPES = YES;
				CLANG_WARN_SUSPICIOUS_MOVE = YES;
				CLANG_WARN_UNGUARDED_AVAILABILITY = YES_AGGRESSIVE;
				CLANG_WARN_UNREACHABLE_CODE = YES;
				CLANG_WARN__DUPLICATE_METHOD_MATCH = YES;
				COPY_PHASE_STRIP = NO;
				DEBUG_INFORMATION_FORMAT = dwarf;
				ENABLE_STRICT_OBJC_MSGSEND = YES;
				ENABLE_TESTABILITY = YES;
				GCC_C_LANGUAGE_STANDARD = gnu11;
				GCC_DYNAMIC_NO_PIC = NO;
				GCC_NO_COMMON_BLOCKS = YES;
				GCC_OPTIMIZATION_LEVEL = 0;
				GCC_PREPROCESSOR_DEFINITIONS = (
					"DEBUG=1",
					"$(inherited)",
				);
				GCC_WARN_64_TO_32_BIT_CONVERSION = YES;
				GCC_WARN_ABOUT_RETURN_TYPE = YES_ERROR;
				GCC_WARN_UNDECLARED_SELECTOR = YES;
				GCC_WARN_UNINITIALIZED_AUTOS = YES_AGGRESSIVE;
				GCC_WARN_UNUSED_FUNCTION = YES;
				GCC_WARN_UNUSED_VARIABLE = YES;
				IPHONEOS_DEPLOYMENT_TARGET = 16.0;
				MTL_ENABLE_DEBUG_INFO = INCLUDE_SOURCE;
				MTL_FAST_MATH = YES;
				ONLY_ACTIVE_ARCH = YES;
				SDKROOT = iphoneos;
				SWIFT_ACTIVE_COMPILATION_CONDITIONS = DEBUG;
				SWIFT_OPTIMIZATION_LEVEL = "-Onone";
			};
			name = Debug;
		};
		24BBDA5729355835000938AA /* Release */ = {
			isa = XCBuildConfiguration;
			buildSettings = {
				ALWAYS_SEARCH_USER_PATHS = NO;
				CLANG_ANALYZER_NONNULL = YES;
				CLANG_ANALYZER_NUMBER_OBJECT_CONVERSION = YES_AGGRESSIVE;
				CLANG_CXX_LANGUAGE_STANDARD = "gnu++20";
				CLANG_ENABLE_MODULES = YES;
				CLANG_ENABLE_OBJC_ARC = YES;
				CLANG_ENABLE_OBJC_WEAK = YES;
				CLANG_WARN_BLOCK_CAPTURE_AUTORELEASING = YES;
				CLANG_WARN_BOOL_CONVERSION = YES;
				CLANG_WARN_COMMA = YES;
				CLANG_WARN_CONSTANT_CONVERSION = YES;
				CLANG_WARN_DEPRECATED_OBJC_IMPLEMENTATIONS = YES;
				CLANG_WARN_DIRECT_OBJC_ISA_USAGE = YES_ERROR;
				CLANG_WARN_DOCUMENTATION_COMMENTS = YES;
				CLANG_WARN_EMPTY_BODY = YES;
				CLANG_WARN_ENUM_CONVERSION = YES;
				CLANG_WARN_INFINITE_RECURSION = YES;
				CLANG_WARN_INT_CONVERSION = YES;
				CLANG_WARN_NON_LITERAL_NULL_CONVERSION = YES;
				CLANG_WARN_OBJC_IMPLICIT_RETAIN_SELF = YES;
				CLANG_WARN_OBJC_LITERAL_CONVERSION = YES;
				CLANG_WARN_OBJC_ROOT_CLASS = YES_ERROR;
				CLANG_WARN_QUOTED_INCLUDE_IN_FRAMEWORK_HEADER = YES;
				CLANG_WARN_RANGE_LOOP_ANALYSIS = YES;
				CLANG_WARN_STRICT_PROTOTYPES = YES;
				CLANG_WARN_SUSPICIOUS_MOVE = YES;
				CLANG_WARN_UNGUARDED_AVAILABILITY = YES_AGGRESSIVE;
				CLANG_WARN_UNREACHABLE_CODE = YES;
				CLANG_WARN__DUPLICATE_METHOD_MATCH = YES;
				COPY_PHASE_STRIP = NO;
				DEBUG_INFORMATION_FORMAT = "dwarf-with-dsym";
				ENABLE_NS_ASSERTIONS = NO;
				ENABLE_STRICT_OBJC_MSGSEND = YES;
				GCC_C_LANGUAGE_STANDARD = gnu11;
				GCC_NO_COMMON_BLOCKS = YES;
				GCC_WARN_64_TO_32_BIT_CONVERSION = YES;
				GCC_WARN_ABOUT_RETURN_TYPE = YES_ERROR;
				GCC_WARN_UNDECLARED_SELECTOR = YES;
				GCC_WARN_UNINITIALIZED_AUTOS = YES_AGGRESSIVE;
				GCC_WARN_UNUSED_FUNCTION = YES;
				GCC_WARN_UNUSED_VARIABLE = YES;
				IPHONEOS_DEPLOYMENT_TARGET = 16.0;
				MTL_ENABLE_DEBUG_INFO = NO;
				MTL_FAST_MATH = YES;
				SDKROOT = iphoneos;
				SWIFT_COMPILATION_MODE = wholemodule;
				SWIFT_OPTIMIZATION_LEVEL = "-O";
				VALIDATE_PRODUCT = YES;
			};
			name = Release;
		};
		24BBDA5929355836000938AA /* Debug */ = {
			isa = XCBuildConfiguration;
			buildSettings = {
				ASSETCATALOG_COMPILER_APPICON_NAME = AppIcon;
				ASSETCATALOG_COMPILER_GLOBAL_ACCENT_COLOR_NAME = AccentColor;
				CODE_SIGN_STYLE = Automatic;
				CURRENT_PROJECT_VERSION = 1;
				GENERATE_INFOPLIST_FILE = YES;
				INFOPLIST_FILE = "instagram-uikit-mvvm/Info.plist";
				INFOPLIST_KEY_UIApplicationSupportsIndirectInputEvents = YES;
				INFOPLIST_KEY_UILaunchStoryboardName = LaunchScreen;
				INFOPLIST_KEY_UISupportedInterfaceOrientations_iPad = "UIInterfaceOrientationPortrait UIInterfaceOrientationPortraitUpsideDown UIInterfaceOrientationLandscapeLeft UIInterfaceOrientationLandscapeRight";
				INFOPLIST_KEY_UISupportedInterfaceOrientations_iPhone = "UIInterfaceOrientationPortrait UIInterfaceOrientationLandscapeLeft UIInterfaceOrientationLandscapeRight";
				LD_RUNPATH_SEARCH_PATHS = (
					"$(inherited)",
					"@executable_path/Frameworks",
				);
				MARKETING_VERSION = 1.0;
				PRODUCT_BUNDLE_IDENTIFIER = "com.marchini.renan.instagram-uikit-mvvm";
				PRODUCT_NAME = "$(TARGET_NAME)";
				SWIFT_EMIT_LOC_STRINGS = YES;
				SWIFT_VERSION = 5.0;
				TARGETED_DEVICE_FAMILY = "1,2";
			};
			name = Debug;
		};
		24BBDA5A29355836000938AA /* Release */ = {
			isa = XCBuildConfiguration;
			buildSettings = {
				ASSETCATALOG_COMPILER_APPICON_NAME = AppIcon;
				ASSETCATALOG_COMPILER_GLOBAL_ACCENT_COLOR_NAME = AccentColor;
				CODE_SIGN_STYLE = Automatic;
				CURRENT_PROJECT_VERSION = 1;
				GENERATE_INFOPLIST_FILE = YES;
				INFOPLIST_FILE = "instagram-uikit-mvvm/Info.plist";
				INFOPLIST_KEY_UIApplicationSupportsIndirectInputEvents = YES;
				INFOPLIST_KEY_UILaunchStoryboardName = LaunchScreen;
				INFOPLIST_KEY_UISupportedInterfaceOrientations_iPad = "UIInterfaceOrientationPortrait UIInterfaceOrientationPortraitUpsideDown UIInterfaceOrientationLandscapeLeft UIInterfaceOrientationLandscapeRight";
				INFOPLIST_KEY_UISupportedInterfaceOrientations_iPhone = "UIInterfaceOrientationPortrait UIInterfaceOrientationLandscapeLeft UIInterfaceOrientationLandscapeRight";
				LD_RUNPATH_SEARCH_PATHS = (
					"$(inherited)",
					"@executable_path/Frameworks",
				);
				MARKETING_VERSION = 1.0;
				PRODUCT_BUNDLE_IDENTIFIER = "com.marchini.renan.instagram-uikit-mvvm";
				PRODUCT_NAME = "$(TARGET_NAME)";
				SWIFT_EMIT_LOC_STRINGS = YES;
				SWIFT_VERSION = 5.0;
				TARGETED_DEVICE_FAMILY = "1,2";
			};
			name = Release;
		};
/* End XCBuildConfiguration section */

/* Begin XCConfigurationList section */
		24BBDA3F29355833000938AA /* Build configuration list for PBXProject "instagram-uikit-mvvm" */ = {
			isa = XCConfigurationList;
			buildConfigurations = (
				24BBDA5629355835000938AA /* Debug */,
				24BBDA5729355835000938AA /* Release */,
			);
			defaultConfigurationIsVisible = 0;
			defaultConfigurationName = Release;
		};
		24BBDA5829355836000938AA /* Build configuration list for PBXNativeTarget "instagram-uikit-mvvm" */ = {
			isa = XCConfigurationList;
			buildConfigurations = (
				24BBDA5929355836000938AA /* Debug */,
				24BBDA5A29355836000938AA /* Release */,
			);
			defaultConfigurationIsVisible = 0;
			defaultConfigurationName = Release;
		};
/* End XCConfigurationList section */

/* Begin XCRemoteSwiftPackageReference section */
		246028E12936B26900F9B1C8 /* XCRemoteSwiftPackageReference "SnapKit" */ = {
			isa = XCRemoteSwiftPackageReference;
			repositoryURL = "https://github.com/SnapKit/SnapKit#installation";
			requirement = {
				kind = upToNextMajorVersion;
				minimumVersion = 5.0.0;
			};
		};
/* End XCRemoteSwiftPackageReference section */

/* Begin XCSwiftPackageProductDependency section */
		246028E22936B26900F9B1C8 /* SnapKit */ = {
			isa = XCSwiftPackageProductDependency;
			package = 246028E12936B26900F9B1C8 /* XCRemoteSwiftPackageReference "SnapKit" */;
			productName = SnapKit;
		};
/* End XCSwiftPackageProductDependency section */
	};
	rootObject = 24BBDA3C29355833000938AA /* Project object */;
}
